
Microsoft Visual Studio Solution File, Format Version 12.00
# Visual Studio 15
Project("{FAE04EC0-301F-11D3-BF4B-00C04F79EFBC}") = "HelloWorld", "HelloWorld\HelloWorld.csproj", "{1CBE8832-B957-4499-B067-79B9C9F0EC43}"
EndProject
Global
	GlobalSection(SolutionConfigurationPlatforms) = preSolution
		Debug|anycpu = Debug|anycpu
		Release|anycpu = Release|anycpu
	EndGlobalSection
	GlobalSection(ProjectConfigurationPlatforms) = postSolution
		{1CBE8832-B957-4499-B067-79B9C9F0EC43}.Debug|anycpu.ActiveCfg = Debug|anycpu
		{1CBE8832-B957-4499-B067-79B9C9F0EC43}.Debug|anycpu.Build.0 = Debug|anycpu
		{1CBE8832-B957-4499-B067-79B9C9F0EC43}.Release|anycpu.ActiveCfg = Release|anycpu
		{1CBE8832-B957-4499-B067-79B9C9F0EC43}.Release|anycpu.Build.0 = Release|anycpu
	EndGlobalSection
EndGlobal
